
Microsoft Visual Studio Solution File, Format Version 12.00
# Visual Studio Version 17
VisualStudioVersion = 17.11.35312.102
MinimumVisualStudioVersion = 10.0.40219.1
Project("{FAE04EC0-301F-11D3-BF4B-00C04F79EFBC}") = "Valutavalto", "Valutavalto\Valutavalto.csproj", "{DA68CEFC-8626-4569-B9EF-EE2D2D72578E}"
EndProject
Global
	GlobalSection(SolutionConfigurationPlatforms) = preSolution
		Debug|Any CPU = Debug|Any CPU
		Release|Any CPU = Release|Any CPU
	EndGlobalSection
	GlobalSection(ProjectConfigurationPlatforms) = postSolution
		{DA68CEFC-8626-4569-B9EF-EE2D2D72578E}.Debug|Any CPU.ActiveCfg = Debug|Any CPU
		{DA68CEFC-8626-4569-B9EF-EE2D2D72578E}.Debug|Any CPU.Build.0 = Debug|Any CPU
		{DA68CEFC-8626-4569-B9EF-EE2D2D72578E}.Release|Any CPU.ActiveCfg = Release|Any CPU
		{DA68CEFC-8626-4569-B9EF-EE2D2D72578E}.Release|Any CPU.Build.0 = Release|Any CPU
	EndGlobalSection
	GlobalSection(SolutionProperties) = preSolution
		HideSolutionNode = FALSE
	EndGlobalSection
	GlobalSection(ExtensibilityGlobals) = postSolution
		SolutionGuid = {C8372EAF-156A-4B07-98E1-E4D68931F00D}
	EndGlobalSection
EndGlobal
